{
  "name": "preact-1",
  "version": "1.0.0",
  "lockfileVersion": 1,
  "requires": true,
  "dependencies": {
    "mini.css": {
      "version": "3.0.1",
      "resolved": "https://registry.npmjs.org/mini.css/-/mini.css-3.0.1.tgz",
      "integrity": "sha512-FmuuBL0wuyDO1UA66TkAo8w2RxxuHmNPaUqUHcYlHtM9CJkrscQaNAJ/ParEahYFwtZOSgfEA7flbMoSPkzrPA=="
    },
    "preact": {
      "version": "8.4.2",
      "resolved": "https://registry.npmjs.org/preact/-/preact-8.4.2.tgz",
      "integrity": "sha512-TsINETWiisfB6RTk0wh3/mvxbGRvx+ljeBccZ4Z6MPFKgu/KFGyf2Bmw3Z/jlXhL5JlNKY6QAbA9PVyzIy9//A=="
    },
    "preact-router": {
      "version": "2.6.1",
      "resolved": "https://registry.npmjs.org/preact-router/-/preact-router-2.6.1.tgz",
      "integrity": "sha512-Ql3fptQ8hiioIw5zUcWUq5NShl7yFR4e6KBUzLbGI7+HKMIgBnH+aOITN5IrY1rbr2vhKXBdHdd9nLbbjcJTOQ=="
    },
    "typescript": {
      "version": "3.4.5",
      "resolved": "https://registry.npmjs.org/typescript/-/typescript-3.4.5.tgz",
      "integrity": "sha512-YycBxUb49UUhdNMU5aJ7z5Ej2XGmaIBL0x34vZ82fn3hGvD+bgrMrVDpatgz2f7YxUMJxMkbWxJZeAvDxVe7Vw==",
      "dev": true
    },
    "unistore": {
      "version": "3.4.1",
      "resolved": "https://registry.npmjs.org/unistore/-/unistore-3.4.1.tgz",
      "integrity": "sha512-p2Ej8qqrqcD10Ah0ZUKUU/mhRB8pM4q6gzjxq9kZpgxa8dks7oHT8jDP4CqLhoRof3RXOZLKB9EBV1DTzHiJRw=="
    }
  }
}
